
Microsoft Visual Studio Solution File, Format Version 12.00
# Visual Studio Version 17
VisualStudioVersion = 17.3.32929.385
MinimumVisualStudioVersion = 10.0.40219.1
Project("{FAE04EC0-301F-11D3-BF4B-00C04F79EFBC}") = "monalysa_yoshikawa_tp1_22E4_1", "monalysa_yoshikawa_tp1_22E4_1\monalysa_yoshikawa_tp1_22E4_1.csproj", "{AC651966-D7DC-4E2C-8DAF-F5864D5F5472}"
EndProject
Project("{FAE04EC0-301F-11D3-BF4B-00C04F79EFBC}") = "calculadora_soma", "calculadora_soma\calculadora_soma.csproj", "{03C7742D-CC8C-4C38-96E9-8FDE01DC72E9}"
EndProject
Project("{FAE04EC0-301F-11D3-BF4B-00C04F79EFBC}") = "Calculadora_subtracao", "Calculadora_subtracao\Calculadora_subtracao.csproj", "{D5361C20-2985-4B1A-ABA6-0CA5C7701E0A}"
EndProject
Project("{FAE04EC0-301F-11D3-BF4B-00C04F79EFBC}") = "calculadora_divisao", "calculadora_divisao\calculadora_divisao.csproj", "{FA67AC75-D1DA-4793-97D9-F8BC08AEA512}"
EndProject
Project("{FAE04EC0-301F-11D3-BF4B-00C04F79EFBC}") = "calculadora_multiplicacao", "calculadora_multiplicacao\calculadora_multiplicacao.csproj", "{45FE3516-526A-47FA-9C13-2869F6F74AC4}"
EndProject
Global
	GlobalSection(SolutionConfigurationPlatforms) = preSolution
		Debug|Any CPU = Debug|Any CPU
		Release|Any CPU = Release|Any CPU
	EndGlobalSection
	GlobalSection(ProjectConfigurationPlatforms) = postSolution
		{AC651966-D7DC-4E2C-8DAF-F5864D5F5472}.Debug|Any CPU.ActiveCfg = Debug|Any CPU
		{AC651966-D7DC-4E2C-8DAF-F5864D5F5472}.Debug|Any CPU.Build.0 = Debug|Any CPU
		{AC651966-D7DC-4E2C-8DAF-F5864D5F5472}.Release|Any CPU.ActiveCfg = Release|Any CPU
		{AC651966-D7DC-4E2C-8DAF-F5864D5F5472}.Release|Any CPU.Build.0 = Release|Any CPU
		{03C7742D-CC8C-4C38-96E9-8FDE01DC72E9}.Debug|Any CPU.ActiveCfg = Debug|Any CPU
		{03C7742D-CC8C-4C38-96E9-8FDE01DC72E9}.Debug|Any CPU.Build.0 = Debug|Any CPU
		{03C7742D-CC8C-4C38-96E9-8FDE01DC72E9}.Release|Any CPU.ActiveCfg = Release|Any CPU
		{03C7742D-CC8C-4C38-96E9-8FDE01DC72E9}.Release|Any CPU.Build.0 = Release|Any CPU
		{D5361C20-2985-4B1A-ABA6-0CA5C7701E0A}.Debug|Any CPU.ActiveCfg = Debug|Any CPU
		{D5361C20-2985-4B1A-ABA6-0CA5C7701E0A}.Debug|Any CPU.Build.0 = Debug|Any CPU
		{D5361C20-2985-4B1A-ABA6-0CA5C7701E0A}.Release|Any CPU.ActiveCfg = Release|Any CPU
		{D5361C20-2985-4B1A-ABA6-0CA5C7701E0A}.Release|Any CPU.Build.0 = Release|Any CPU
		{FA67AC75-D1DA-4793-97D9-F8BC08AEA512}.Debug|Any CPU.ActiveCfg = Debug|Any CPU
		{FA67AC75-D1DA-4793-97D9-F8BC08AEA512}.Debug|Any CPU.Build.0 = Debug|Any CPU
		{FA67AC75-D1DA-4793-97D9-F8BC08AEA512}.Release|Any CPU.ActiveCfg = Release|Any CPU
		{FA67AC75-D1DA-4793-97D9-F8BC08AEA512}.Release|Any CPU.Build.0 = Release|Any CPU
		{45FE3516-526A-47FA-9C13-2869F6F74AC4}.Debug|Any CPU.ActiveCfg = Debug|Any CPU
		{45FE3516-526A-47FA-9C13-2869F6F74AC4}.Debug|Any CPU.Build.0 = Debug|Any CPU
		{45FE3516-526A-47FA-9C13-2869F6F74AC4}.Release|Any CPU.ActiveCfg = Release|Any CPU
		{45FE3516-526A-47FA-9C13-2869F6F74AC4}.Release|Any CPU.Build.0 = Release|Any CPU
	EndGlobalSection
	GlobalSection(SolutionProperties) = preSolution
		HideSolutionNode = FALSE
	EndGlobalSection
	GlobalSection(ExtensibilityGlobals) = postSolution
		SolutionGuid = {477DEF52-EE42-44A4-8216-BA443CFE8231}
	EndGlobalSection
EndGlobal
